// !$*UTF8*$!
{
	archiveVersion = 1;
	classes = {
	};
	objectVersion = 56;
	objects = {

/* Begin PBXBuildFile section */
		3A99AE4D2A8E7C2B00A24786 /* AppDelegate.swift in Sources */ = {isa = PBXBuildFile; fileRef = 3A99AE4C2A8E7C2B00A24786 /* AppDelegate.swift */; };
		3A99AE4F2A8E7C2B00A24786 /* SceneDelegate.swift in Sources */ = {isa = PBXBuildFile; fileRef = 3A99AE4E2A8E7C2B00A24786 /* SceneDelegate.swift */; };
		3A99AE512A8E7C2B00A24786 /* MainMenuViewController.swift in Sources */ = {isa = PBXBuildFile; fileRef = 3A99AE502A8E7C2B00A24786 /* MainMenuViewController.swift */; };
		3A99AE542A8E7C2B00A24786 /* Main.storyboard in Resources */ = {isa = PBXBuildFile; fileRef = 3A99AE522A8E7C2B00A24786 /* Main.storyboard */; };
		3A99AE562A8E7C2D00A24786 /* Assets.xcassets in Resources */ = {isa = PBXBuildFile; fileRef = 3A99AE552A8E7C2D00A24786 /* Assets.xcassets */; };
		3A99AE592A8E7C2D00A24786 /* LaunchScreen.storyboard in Resources */ = {isa = PBXBuildFile; fileRef = 3A99AE572A8E7C2D00A24786 /* LaunchScreen.storyboard */; };
		3A99AE6B2A8E832400A24786 /* Extensions.swift in Sources */ = {isa = PBXBuildFile; fileRef = 3A99AE6A2A8E832400A24786 /* Extensions.swift */; };
		3A99AE6F2A8E865F00A24786 /* SettingsViewController.swift in Sources */ = {isa = PBXBuildFile; fileRef = 3A99AE6E2A8E865F00A24786 /* SettingsViewController.swift */; };
		3A99AE712A8E8AC200A24786 /* PlayViewController.swift in Sources */ = {isa = PBXBuildFile; fileRef = 3A99AE702A8E8AC200A24786 /* PlayViewController.swift */; };
		3A99AE732A8E8E1800A24786 /* SettingsTableViewCell.swift in Sources */ = {isa = PBXBuildFile; fileRef = 3A99AE722A8E8E1800A24786 /* SettingsTableViewCell.swift */; };
		3A99AE752A8EBE5600A24786 /* Structs.swift in Sources */ = {isa = PBXBuildFile; fileRef = 3A99AE742A8EBE5600A24786 /* Structs.swift */; };
		3A99AE772A8EE26C00A24786 /* NumberPickerViewController.swift in Sources */ = {isa = PBXBuildFile; fileRef = 3A99AE762A8EE26C00A24786 /* NumberPickerViewController.swift */; };
		6DCDC385F79E9E3CE4ED19DF /* Pods_Spy_Game.framework in Frameworks */ = {isa = PBXBuildFile; fileRef = 2F27FE09AB282D55AB88BE97 /* Pods_Spy_Game.framework */; };
/* End PBXBuildFile section */

/* Begin PBXFileReference section */
		11810EE216FD2B2EBEF347CF /* Pods-Spy Game.release.xcconfig */ = {isa = PBXFileReference; includeInIndex = 1; lastKnownFileType = text.xcconfig; name = "Pods-Spy Game.release.xcconfig"; path = "Target Support Files/Pods-Spy Game/Pods-Spy Game.release.xcconfig"; sourceTree = "<group>"; };
		2F27FE09AB282D55AB88BE97 /* Pods_Spy_Game.framework */ = {isa = PBXFileReference; explicitFileType = wrapper.framework; includeInIndex = 0; path = Pods_Spy_Game.framework; sourceTree = BUILT_PRODUCTS_DIR; };
		3A99AE492A8E7C2B00A24786 /* Spy Game.app */ = {isa = PBXFileReference; explicitFileType = wrapper.application; includeInIndex = 0; path = "Spy Game.app"; sourceTree = BUILT_PRODUCTS_DIR; };
		3A99AE4C2A8E7C2B00A24786 /* AppDelegate.swift */ = {isa = PBXFileReference; lastKnownFileType = sourcecode.swift; path = AppDelegate.swift; sourceTree = "<group>"; };
		3A99AE4E2A8E7C2B00A24786 /* SceneDelegate.swift */ = {isa = PBXFileReference; lastKnownFileType = sourcecode.swift; path = SceneDelegate.swift; sourceTree = "<group>"; };
		3A99AE502A8E7C2B00A24786 /* MainMenuViewController.swift */ = {isa = PBXFileReference; lastKnownFileType = sourcecode.swift; path = MainMenuViewController.swift; sourceTree = "<group>"; };
		3A99AE532A8E7C2B00A24786 /* Base */ = {isa = PBXFileReference; lastKnownFileType = file.storyboard; name = Base; path = Base.lproj/Main.storyboard; sourceTree = "<group>"; };
		3A99AE552A8E7C2D00A24786 /* Assets.xcassets */ = {isa = PBXFileReference; lastKnownFileType = folder.assetcatalog; path = Assets.xcassets; sourceTree = "<group>"; };
		3A99AE582A8E7C2D00A24786 /* Base */ = {isa = PBXFileReference; lastKnownFileType = file.storyboard; name = Base; path = Base.lproj/LaunchScreen.storyboard; sourceTree = "<group>"; };
		3A99AE5A2A8E7C2D00A24786 /* Info.plist */ = {isa = PBXFileReference; lastKnownFileType = text.plist.xml; path = Info.plist; sourceTree = "<group>"; };
		3A99AE6A2A8E832400A24786 /* Extensions.swift */ = {isa = PBXFileReference; lastKnownFileType = sourcecode.swift; path = Extensions.swift; sourceTree = "<group>"; };
		3A99AE6E2A8E865F00A24786 /* SettingsViewController.swift */ = {isa = PBXFileReference; lastKnownFileType = sourcecode.swift; path = SettingsViewController.swift; sourceTree = "<group>"; };
		3A99AE702A8E8AC200A24786 /* PlayViewController.swift */ = {isa = PBXFileReference; lastKnownFileType = sourcecode.swift; path = PlayViewController.swift; sourceTree = "<group>"; };
		3A99AE722A8E8E1800A24786 /* SettingsTableViewCell.swift */ = {isa = PBXFileReference; lastKnownFileType = sourcecode.swift; path = SettingsTableViewCell.swift; sourceTree = "<group>"; };
		3A99AE742A8EBE5600A24786 /* Structs.swift */ = {isa = PBXFileReference; lastKnownFileType = sourcecode.swift; path = Structs.swift; sourceTree = "<group>"; };
		3A99AE762A8EE26C00A24786 /* NumberPickerViewController.swift */ = {isa = PBXFileReference; lastKnownFileType = sourcecode.swift; path = NumberPickerViewController.swift; sourceTree = "<group>"; };
		B5C2A51679E8E33BD9C9ED24 /* Pods-Spy Game.debug.xcconfig */ = {isa = PBXFileReference; includeInIndex = 1; lastKnownFileType = text.xcconfig; name = "Pods-Spy Game.debug.xcconfig"; path = "Target Support Files/Pods-Spy Game/Pods-Spy Game.debug.xcconfig"; sourceTree = "<group>"; };
/* End PBXFileReference section */

/* Begin PBXFrameworksBuildPhase section */
		3A99AE462A8E7C2B00A24786 /* Frameworks */ = {
			isa = PBXFrameworksBuildPhase;
			buildActionMask = 2147483647;
			files = (
				6DCDC385F79E9E3CE4ED19DF /* Pods_Spy_Game.framework in Frameworks */,
			);
			runOnlyForDeploymentPostprocessing = 0;
		};
/* End PBXFrameworksBuildPhase section */

/* Begin PBXGroup section */
		3A99AE402A8E7C2B00A24786 = {
			isa = PBXGroup;
			children = (
				3A99AE4B2A8E7C2B00A24786 /* Spy Game */,
				3A99AE4A2A8E7C2B00A24786 /* Products */,
				89AE23EE2EF5F207C11C4883 /* Pods */,
				E99D07CA9CED73EA777284D8 /* Frameworks */,
			);
			sourceTree = "<group>";
		};
		3A99AE4A2A8E7C2B00A24786 /* Products */ = {
			isa = PBXGroup;
			children = (
				3A99AE492A8E7C2B00A24786 /* Spy Game.app */,
			);
			name = Products;
			sourceTree = "<group>";
		};
		3A99AE4B2A8E7C2B00A24786 /* Spy Game */ = {
			isa = PBXGroup;
			children = (
				3A99AE682A8E7E2A00A24786 /* Resources */,
				3A99AE662A8E7E1600A24786 /* ViewModels */,
				3A99AE642A8E7E0200A24786 /* Models */,
				3A99AE622A8E7DE900A24786 /* Views */,
				3A99AE602A8E7DC800A24786 /* Controllers */,
				3A99AE5A2A8E7C2D00A24786 /* Info.plist */,
			);
			path = "Spy Game";
			sourceTree = "<group>";
		};
		3A99AE602A8E7DC800A24786 /* Controllers */ = {
			isa = PBXGroup;
			children = (
				3A99AE502A8E7C2B00A24786 /* MainMenuViewController.swift */,
				3A99AE6E2A8E865F00A24786 /* SettingsViewController.swift */,
				3A99AE702A8E8AC200A24786 /* PlayViewController.swift */,
				3A99AE762A8EE26C00A24786 /* NumberPickerViewController.swift */,
			);
			path = Controllers;
			sourceTree = "<group>";
		};
		3A99AE622A8E7DE900A24786 /* Views */ = {
			isa = PBXGroup;
			children = (
				3A99AE722A8E8E1800A24786 /* SettingsTableViewCell.swift */,
				3A99AE692A8E7E5400A24786 /* Storyboards */,
				3A99AE552A8E7C2D00A24786 /* Assets.xcassets */,
			);
			path = Views;
			sourceTree = "<group>";
		};
		3A99AE642A8E7E0200A24786 /* Models */ = {
			isa = PBXGroup;
			children = (
			);
			path = Models;
			sourceTree = "<group>";
		};
		3A99AE662A8E7E1600A24786 /* ViewModels */ = {
			isa = PBXGroup;
			children = (
			);
			path = ViewModels;
			sourceTree = "<group>";
		};
		3A99AE682A8E7E2A00A24786 /* Resources */ = {
			isa = PBXGroup;
			children = (
				3A99AE4C2A8E7C2B00A24786 /* AppDelegate.swift */,
				3A99AE4E2A8E7C2B00A24786 /* SceneDelegate.swift */,
				3A99AE6A2A8E832400A24786 /* Extensions.swift */,
				3A99AE742A8EBE5600A24786 /* Structs.swift */,
			);
			path = Resources;
			sourceTree = "<group>";
		};
		3A99AE692A8E7E5400A24786 /* Storyboards */ = {
			isa = PBXGroup;
			children = (
				3A99AE522A8E7C2B00A24786 /* Main.storyboard */,
				3A99AE572A8E7C2D00A24786 /* LaunchScreen.storyboard */,
			);
			path = Storyboards;
			sourceTree = "<group>";
		};
		89AE23EE2EF5F207C11C4883 /* Pods */ = {
			isa = PBXGroup;
			children = (
				B5C2A51679E8E33BD9C9ED24 /* Pods-Spy Game.debug.xcconfig */,
				11810EE216FD2B2EBEF347CF /* Pods-Spy Game.release.xcconfig */,
			);
			path = Pods;
			sourceTree = "<group>";
		};
		E99D07CA9CED73EA777284D8 /* Frameworks */ = {
			isa = PBXGroup;
			children = (
				2F27FE09AB282D55AB88BE97 /* Pods_Spy_Game.framework */,
			);
			name = Frameworks;
			sourceTree = "<group>";
		};
/* End PBXGroup section */

/* Begin PBXNativeTarget section */
		3A99AE482A8E7C2B00A24786 /* Spy Game */ = {
			isa = PBXNativeTarget;
			buildConfigurationList = 3A99AE5D2A8E7C2D00A24786 /* Build configuration list for PBXNativeTarget "Spy Game" */;
			buildPhases = (
				BF8F7C196A6C6BCCBC23CDF3 /* [CP] Check Pods Manifest.lock */,
				3A99AE452A8E7C2B00A24786 /* Sources */,
				3A99AE462A8E7C2B00A24786 /* Frameworks */,
				3A99AE472A8E7C2B00A24786 /* Resources */,
				DC13C8440A0A74C95D3C89A0 /* [CP] Embed Pods Frameworks */,
			);
			buildRules = (
			);
			dependencies = (
			);
			name = "Spy Game";
			productName = "Spy Game";
			productReference = 3A99AE492A8E7C2B00A24786 /* Spy Game.app */;
			productType = "com.apple.product-type.application";
		};
/* End PBXNativeTarget section */

/* Begin PBXProject section */
		3A99AE412A8E7C2B00A24786 /* Project object */ = {
			isa = PBXProject;
			attributes = {
				BuildIndependentTargetsInParallel = 1;
				LastSwiftUpdateCheck = 1430;
				LastUpgradeCheck = 1430;
				TargetAttributes = {
					3A99AE482A8E7C2B00A24786 = {
						CreatedOnToolsVersion = 14.3.1;
					};
				};
			};
			buildConfigurationList = 3A99AE442A8E7C2B00A24786 /* Build configuration list for PBXProject "Spy Game" */;
			compatibilityVersion = "Xcode 14.0";
			developmentRegion = en;
			hasScannedForEncodings = 0;
			knownRegions = (
				en,
				Base,
			);
			mainGroup = 3A99AE402A8E7C2B00A24786;
			productRefGroup = 3A99AE4A2A8E7C2B00A24786 /* Products */;
			projectDirPath = "";
			projectRoot = "";
			targets = (
				3A99AE482A8E7C2B00A24786 /* Spy Game */,
			);
		};
/* End PBXProject section */

/* Begin PBXResourcesBuildPhase section */
		3A99AE472A8E7C2B00A24786 /* Resources */ = {
			isa = PBXResourcesBuildPhase;
			buildActionMask = 2147483647;
			files = (
				3A99AE592A8E7C2D00A24786 /* LaunchScreen.storyboard in Resources */,
				3A99AE562A8E7C2D00A24786 /* Assets.xcassets in Resources */,
				3A99AE542A8E7C2B00A24786 /* Main.storyboard in Resources */,
			);
			runOnlyForDeploymentPostprocessing = 0;
		};
/* End PBXResourcesBuildPhase section */

/* Begin PBXShellScriptBuildPhase section */
		BF8F7C196A6C6BCCBC23CDF3 /* [CP] Check Pods Manifest.lock */ = {
			isa = PBXShellScriptBuildPhase;
			buildActionMask = 2147483647;
			files = (
			);
			inputFileListPaths = (
			);
			inputPaths = (
				"${PODS_PODFILE_DIR_PATH}/Podfile.lock",
				"${PODS_ROOT}/Manifest.lock",
			);
			name = "[CP] Check Pods Manifest.lock";
			outputFileListPaths = (
			);
			outputPaths = (
				"$(DERIVED_FILE_DIR)/Pods-Spy Game-checkManifestLockResult.txt",
			);
			runOnlyForDeploymentPostprocessing = 0;
			shellPath = /bin/sh;
			shellScript = "diff \"${PODS_PODFILE_DIR_PATH}/Podfile.lock\" \"${PODS_ROOT}/Manifest.lock\" > /dev/null\nif [ $? != 0 ] ; then\n    # print error to STDERR\n    echo \"error: The sandbox is not in sync with the Podfile.lock. Run 'pod install' or update your CocoaPods installation.\" >&2\n    exit 1\nfi\n# This output is used by Xcode 'outputs' to avoid re-running this script phase.\necho \"SUCCESS\" > \"${SCRIPT_OUTPUT_FILE_0}\"\n";
			showEnvVarsInLog = 0;
		};
		DC13C8440A0A74C95D3C89A0 /* [CP] Embed Pods Frameworks */ = {
			isa = PBXShellScriptBuildPhase;
			buildActionMask = 2147483647;
			files = (
			);
			inputFileListPaths = (
				"${PODS_ROOT}/Target Support Files/Pods-Spy Game/Pods-Spy Game-frameworks-${CONFIGURATION}-input-files.xcfilelist",
			);
			name = "[CP] Embed Pods Frameworks";
			outputFileListPaths = (
				"${PODS_ROOT}/Target Support Files/Pods-Spy Game/Pods-Spy Game-frameworks-${CONFIGURATION}-output-files.xcfilelist",
			);
			runOnlyForDeploymentPostprocessing = 0;
			shellPath = /bin/sh;
			shellScript = "\"${PODS_ROOT}/Target Support Files/Pods-Spy Game/Pods-Spy Game-frameworks.sh\"\n";
			showEnvVarsInLog = 0;
		};
/* End PBXShellScriptBuildPhase section */

/* Begin PBXSourcesBuildPhase section */
		3A99AE452A8E7C2B00A24786 /* Sources */ = {
			isa = PBXSourcesBuildPhase;
			buildActionMask = 2147483647;
			files = (
				3A99AE752A8EBE5600A24786 /* Structs.swift in Sources */,
				3A99AE772A8EE26C00A24786 /* NumberPickerViewController.swift in Sources */,
				3A99AE512A8E7C2B00A24786 /* MainMenuViewController.swift in Sources */,
				3A99AE4D2A8E7C2B00A24786 /* AppDelegate.swift in Sources */,
				3A99AE4F2A8E7C2B00A24786 /* SceneDelegate.swift in Sources */,
				3A99AE6F2A8E865F00A24786 /* SettingsViewController.swift in Sources */,
				3A99AE712A8E8AC200A24786 /* PlayViewController.swift in Sources */,
				3A99AE732A8E8E1800A24786 /* SettingsTableViewCell.swift in Sources */,
				3A99AE6B2A8E832400A24786 /* Extensions.swift in Sources */,
			);
			runOnlyForDeploymentPostprocessing = 0;
		};
/* End PBXSourcesBuildPhase section */

/* Begin PBXVariantGroup section */
		3A99AE522A8E7C2B00A24786 /* Main.storyboard */ = {
			isa = PBXVariantGroup;
			children = (
				3A99AE532A8E7C2B00A24786 /* Base */,
			);
			name = Main.storyboard;
			sourceTree = "<group>";
		};
		3A99AE572A8E7C2D00A24786 /* LaunchScreen.storyboard */ = {
			isa = PBXVariantGroup;
			children = (
				3A99AE582A8E7C2D00A24786 /* Base */,
			);
			name = LaunchScreen.storyboard;
			sourceTree = "<group>";
		};
/* End PBXVariantGroup section */

/* Begin XCBuildConfiguration section */
		3A99AE5B2A8E7C2D00A24786 /* Debug */ = {
			isa = XCBuildConfiguration;
			buildSettings = {
				ALWAYS_SEARCH_USER_PATHS = NO;
				CLANG_ANALYZER_NONNULL = YES;
				CLANG_ANALYZER_NUMBER_OBJECT_CONVERSION = YES_AGGRESSIVE;
				CLANG_CXX_LANGUAGE_STANDARD = "gnu++20";
				CLANG_ENABLE_MODULES = YES;
				CLANG_ENABLE_OBJC_ARC = YES;
				CLANG_ENABLE_OBJC_WEAK = YES;
				CLANG_WARN_BLOCK_CAPTURE_AUTORELEASING = YES;
				CLANG_WARN_BOOL_CONVERSION = YES;
				CLANG_WARN_COMMA = YES;
				CLANG_WARN_CONSTANT_CONVERSION = YES;
				CLANG_WARN_DEPRECATED_OBJC_IMPLEMENTATIONS = YES;
				CLANG_WARN_DIRECT_OBJC_ISA_USAGE = YES_ERROR;
				CLANG_WARN_DOCUMENTATION_COMMENTS = YES;
				CLANG_WARN_EMPTY_BODY = YES;
				CLANG_WARN_ENUM_CONVERSION = YES;
				CLANG_WARN_INFINITE_RECURSION = YES;
				CLANG_WARN_INT_CONVERSION = YES;
				CLANG_WARN_NON_LITERAL_NULL_CONVERSION = YES;
				CLANG_WARN_OBJC_IMPLICIT_RETAIN_SELF = YES;
				CLANG_WARN_OBJC_LITERAL_CONVERSION = YES;
				CLANG_WARN_OBJC_ROOT_CLASS = YES_ERROR;
				CLANG_WARN_QUOTED_INCLUDE_IN_FRAMEWORK_HEADER = YES;
				CLANG_WARN_RANGE_LOOP_ANALYSIS = YES;
				CLANG_WARN_STRICT_PROTOTYPES = YES;
				CLANG_WARN_SUSPICIOUS_MOVE = YES;
				CLANG_WARN_UNGUARDED_AVAILABILITY = YES_AGGRESSIVE;
				CLANG_WARN_UNREACHABLE_CODE = YES;
				CLANG_WARN__DUPLICATE_METHOD_MATCH = YES;
				COPY_PHASE_STRIP = NO;
				DEBUG_INFORMATION_FORMAT = dwarf;
				ENABLE_STRICT_OBJC_MSGSEND = YES;
				ENABLE_TESTABILITY = YES;
				GCC_C_LANGUAGE_STANDARD = gnu11;
				GCC_DYNAMIC_NO_PIC = NO;
				GCC_NO_COMMON_BLOCKS = YES;
				GCC_OPTIMIZATION_LEVEL = 0;
				GCC_PREPROCESSOR_DEFINITIONS = (
					"DEBUG=1",
					"$(inherited)",
				);
				GCC_WARN_64_TO_32_BIT_CONVERSION = YES;
				GCC_WARN_ABOUT_RETURN_TYPE = YES_ERROR;
				GCC_WARN_UNDECLARED_SELECTOR = YES;
				GCC_WARN_UNINITIALIZED_AUTOS = YES_AGGRESSIVE;
				GCC_WARN_UNUSED_FUNCTION = YES;
				GCC_WARN_UNUSED_VARIABLE = YES;
				IPHONEOS_DEPLOYMENT_TARGET = 16.4;
				MTL_ENABLE_DEBUG_INFO = INCLUDE_SOURCE;
				MTL_FAST_MATH = YES;
				ONLY_ACTIVE_ARCH = YES;
				SDKROOT = iphoneos;
				SWIFT_ACTIVE_COMPILATION_CONDITIONS = DEBUG;
				SWIFT_OPTIMIZATION_LEVEL = "-Onone";
			};
			name = Debug;
		};
		3A99AE5C2A8E7C2D00A24786 /* Release */ = {
			isa = XCBuildConfiguration;
			buildSettings = {
				ALWAYS_SEARCH_USER_PATHS = NO;
				CLANG_ANALYZER_NONNULL = YES;
				CLANG_ANALYZER_NUMBER_OBJECT_CONVERSION = YES_AGGRESSIVE;
				CLANG_CXX_LANGUAGE_STANDARD = "gnu++20";
				CLANG_ENABLE_MODULES = YES;
				CLANG_ENABLE_OBJC_ARC = YES;
				CLANG_ENABLE_OBJC_WEAK = YES;
				CLANG_WARN_BLOCK_CAPTURE_AUTORELEASING = YES;
				CLANG_WARN_BOOL_CONVERSION = YES;
				CLANG_WARN_COMMA = YES;
				CLANG_WARN_CONSTANT_CONVERSION = YES;
				CLANG_WARN_DEPRECATED_OBJC_IMPLEMENTATIONS = YES;
				CLANG_WARN_DIRECT_OBJC_ISA_USAGE = YES_ERROR;
				CLANG_WARN_DOCUMENTATION_COMMENTS = YES;
				CLANG_WARN_EMPTY_BODY = YES;
				CLANG_WARN_ENUM_CONVERSION = YES;
				CLANG_WARN_INFINITE_RECURSION = YES;
				CLANG_WARN_INT_CONVERSION = YES;
				CLANG_WARN_NON_LITERAL_NULL_CONVERSION = YES;
				CLANG_WARN_OBJC_IMPLICIT_RETAIN_SELF = YES;
				CLANG_WARN_OBJC_LITERAL_CONVERSION = YES;
				CLANG_WARN_OBJC_ROOT_CLASS = YES_ERROR;
				CLANG_WARN_QUOTED_INCLUDE_IN_FRAMEWORK_HEADER = YES;
				CLANG_WARN_RANGE_LOOP_ANALYSIS = YES;
				CLANG_WARN_STRICT_PROTOTYPES = YES;
				CLANG_WARN_SUSPICIOUS_MOVE = YES;
				CLANG_WARN_UNGUARDED_AVAILABILITY = YES_AGGRESSIVE;
				CLANG_WARN_UNREACHABLE_CODE = YES;
				CLANG_WARN__DUPLICATE_METHOD_MATCH = YES;
				COPY_PHASE_STRIP = NO;
				DEBUG_INFORMATION_FORMAT = "dwarf-with-dsym";
				ENABLE_NS_ASSERTIONS = NO;
				ENABLE_STRICT_OBJC_MSGSEND = YES;
				GCC_C_LANGUAGE_STANDARD = gnu11;
				GCC_NO_COMMON_BLOCKS = YES;
				GCC_WARN_64_TO_32_BIT_CONVERSION = YES;
				GCC_WARN_ABOUT_RETURN_TYPE = YES_ERROR;
				GCC_WARN_UNDECLARED_SELECTOR = YES;
				GCC_WARN_UNINITIALIZED_AUTOS = YES_AGGRESSIVE;
				GCC_WARN_UNUSED_FUNCTION = YES;
				GCC_WARN_UNUSED_VARIABLE = YES;
				IPHONEOS_DEPLOYMENT_TARGET = 16.4;
				MTL_ENABLE_DEBUG_INFO = NO;
				MTL_FAST_MATH = YES;
				SDKROOT = iphoneos;
				SWIFT_COMPILATION_MODE = wholemodule;
				SWIFT_OPTIMIZATION_LEVEL = "-O";
				VALIDATE_PRODUCT = YES;
			};
			name = Release;
		};
		3A99AE5E2A8E7C2D00A24786 /* Debug */ = {
			isa = XCBuildConfiguration;
			baseConfigurationReference = B5C2A51679E8E33BD9C9ED24 /* Pods-Spy Game.debug.xcconfig */;
			buildSettings = {
				ASSETCATALOG_COMPILER_APPICON_NAME = AppIcon;
				ASSETCATALOG_COMPILER_GLOBAL_ACCENT_COLOR_NAME = AccentColor;
				CODE_SIGN_STYLE = Automatic;
				CURRENT_PROJECT_VERSION = 1;
				GENERATE_INFOPLIST_FILE = YES;
				INFOPLIST_FILE = "Spy Game/Info.plist";
				INFOPLIST_KEY_UIApplicationSupportsIndirectInputEvents = YES;
				INFOPLIST_KEY_UILaunchStoryboardName = LaunchScreen;
				INFOPLIST_KEY_UIMainStoryboardFile = Main;
				INFOPLIST_KEY_UISupportedInterfaceOrientations = UIInterfaceOrientationPortrait;
				INFOPLIST_KEY_UISupportedInterfaceOrientations_iPad = "UIInterfaceOrientationLandscapeLeft UIInterfaceOrientationLandscapeRight UIInterfaceOrientationPortrait UIInterfaceOrientationPortraitUpsideDown";
				LD_RUNPATH_SEARCH_PATHS = (
					"$(inherited)",
					"@executable_path/Frameworks",
				);
				MARKETING_VERSION = 1.0;
				PRODUCT_BUNDLE_IDENTIFIER = "anbelokamensky.Spy-Game";
				PRODUCT_NAME = "$(TARGET_NAME)";
				SUPPORTED_PLATFORMS = "iphoneos iphonesimulator";
				SUPPORTS_MACCATALYST = NO;
				SUPPORTS_MAC_DESIGNED_FOR_IPHONE_IPAD = NO;
				SWIFT_EMIT_LOC_STRINGS = YES;
				SWIFT_VERSION = 5.0;
				TARGETED_DEVICE_FAMILY = "1,2";
			};
			name = Debug;
		};
		3A99AE5F2A8E7C2D00A24786 /* Release */ = {
			isa = XCBuildConfiguration;
			baseConfigurationReference = 11810EE216FD2B2EBEF347CF /* Pods-Spy Game.release.xcconfig */;
			buildSettings = {
				ASSETCATALOG_COMPILER_APPICON_NAME = AppIcon;
				ASSETCATALOG_COMPILER_GLOBAL_ACCENT_COLOR_NAME = AccentColor;
				CODE_SIGN_STYLE = Automatic;
				CURRENT_PROJECT_VERSION = 1;
				GENERATE_INFOPLIST_FILE = YES;
				INFOPLIST_FILE = "Spy Game/Info.plist";
				INFOPLIST_KEY_UIApplicationSupportsIndirectInputEvents = YES;
				INFOPLIST_KEY_UILaunchStoryboardName = LaunchScreen;
				INFOPLIST_KEY_UIMainStoryboardFile = Main;
				INFOPLIST_KEY_UISupportedInterfaceOrientations = UIInterfaceOrientationPortrait;
				INFOPLIST_KEY_UISupportedInterfaceOrientations_iPad = "UIInterfaceOrientationLandscapeLeft UIInterfaceOrientationLandscapeRight UIInterfaceOrientationPortrait UIInterfaceOrientationPortraitUpsideDown";
				LD_RUNPATH_SEARCH_PATHS = (
					"$(inherited)",
					"@executable_path/Frameworks",
				);
				MARKETING_VERSION = 1.0;
				PRODUCT_BUNDLE_IDENTIFIER = "anbelokamensky.Spy-Game";
				PRODUCT_NAME = "$(TARGET_NAME)";
				SUPPORTED_PLATFORMS = "iphoneos iphonesimulator";
				SUPPORTS_MACCATALYST = NO;
				SUPPORTS_MAC_DESIGNED_FOR_IPHONE_IPAD = NO;
				SWIFT_EMIT_LOC_STRINGS = YES;
				SWIFT_VERSION = 5.0;
				TARGETED_DEVICE_FAMILY = "1,2";
			};
			name = Release;
		};
/* End XCBuildConfiguration section */

/* Begin XCConfigurationList section */
		3A99AE442A8E7C2B00A24786 /* Build configuration list for PBXProject "Spy Game" */ = {
			isa = XCConfigurationList;
			buildConfigurations = (
				3A99AE5B2A8E7C2D00A24786 /* Debug */,
				3A99AE5C2A8E7C2D00A24786 /* Release */,
			);
			defaultConfigurationIsVisible = 0;
			defaultConfigurationName = Release;
		};
		3A99AE5D2A8E7C2D00A24786 /* Build configuration list for PBXNativeTarget "Spy Game" */ = {
			isa = XCConfigurationList;
			buildConfigurations = (
				3A99AE5E2A8E7C2D00A24786 /* Debug */,
				3A99AE5F2A8E7C2D00A24786 /* Release */,
			);
			defaultConfigurationIsVisible = 0;
			defaultConfigurationName = Release;
		};
/* End XCConfigurationList section */
	};
	rootObject = 3A99AE412A8E7C2B00A24786 /* Project object */;
}
